
Microsoft Visual Studio Solution File, Format Version 12.00
# Visual Studio Version 17
VisualStudioVersion = 17.0.31919.166
MinimumVisualStudioVersion = 10.0.40219.1
Project("{FAE04EC0-301F-11D3-BF4B-00C04F79EFBC}") = "cadastro de 5 alunos", "cadastro de 5 alunos\cadastro de 5 alunos.csproj", "{4AE84D23-FB87-4F7D-A476-B8F16A9F6591}"
EndProject
Global
	GlobalSection(SolutionConfigurationPlatforms) = preSolution
		Debug|Any CPU = Debug|Any CPU
		Release|Any CPU = Release|Any CPU
	EndGlobalSection
	GlobalSection(ProjectConfigurationPlatforms) = postSolution
		{4AE84D23-FB87-4F7D-A476-B8F16A9F6591}.Debug|Any CPU.ActiveCfg = Debug|Any CPU
		{4AE84D23-FB87-4F7D-A476-B8F16A9F6591}.Debug|Any CPU.Build.0 = Debug|Any CPU
		{4AE84D23-FB87-4F7D-A476-B8F16A9F6591}.Release|Any CPU.ActiveCfg = Release|Any CPU
		{4AE84D23-FB87-4F7D-A476-B8F16A9F6591}.Release|Any CPU.Build.0 = Release|Any CPU
	EndGlobalSection
	GlobalSection(SolutionProperties) = preSolution
		HideSolutionNode = FALSE
	EndGlobalSection
	GlobalSection(ExtensibilityGlobals) = postSolution
		SolutionGuid = {0A4CBE8B-9A41-4E2E-97EE-788BBD271439}
	EndGlobalSection
EndGlobal
